
Microsoft Visual Studio Solution File, Format Version 12.00
# Visual Studio Version 17
VisualStudioVersion = 17.11.35312.102
MinimumVisualStudioVersion = 10.0.40219.1
Project("{FAE04EC0-301F-11D3-BF4B-00C04F79EFBC}") = "loadingassessment4", "loadingassessment4.csproj", "{2B8128E5-8C82-4683-9718-1361304F5AC7}"
EndProject
Global
	GlobalSection(SolutionConfigurationPlatforms) = preSolution
		Debug|Any CPU = Debug|Any CPU
		Release|Any CPU = Release|Any CPU
	EndGlobalSection
	GlobalSection(ProjectConfigurationPlatforms) = postSolution
		{2B8128E5-8C82-4683-9718-1361304F5AC7}.Debug|Any CPU.ActiveCfg = Debug|Any CPU
		{2B8128E5-8C82-4683-9718-1361304F5AC7}.Debug|Any CPU.Build.0 = Debug|Any CPU
		{2B8128E5-8C82-4683-9718-1361304F5AC7}.Release|Any CPU.ActiveCfg = Release|Any CPU
		{2B8128E5-8C82-4683-9718-1361304F5AC7}.Release|Any CPU.Build.0 = Release|Any CPU
	EndGlobalSection
	GlobalSection(SolutionProperties) = preSolution
		HideSolutionNode = FALSE
	EndGlobalSection
	GlobalSection(ExtensibilityGlobals) = postSolution
		SolutionGuid = {8017070C-9A9B-48C4-BBA2-505F4CCDEE45}
	EndGlobalSection
EndGlobal
